
Microsoft Visual Studio Solution File, Format Version 12.00
# Visual Studio Version 16
VisualStudioVersion = 16.0.31424.327
MinimumVisualStudioVersion = 10.0.40219.1
Project("{FAE04EC0-301F-11D3-BF4B-00C04F79EFBC}") = "NetCoreEFCoreApp", "NetCoreEFCoreApp\NetCoreEFCoreApp.csproj", "{C62CF6ED-3348-481B-8DA3-587B4BC81701}"
EndProject
Global
	GlobalSection(SolutionConfigurationPlatforms) = preSolution
		Debug|Any CPU = Debug|Any CPU
		Release|Any CPU = Release|Any CPU
	EndGlobalSection
	GlobalSection(ProjectConfigurationPlatforms) = postSolution
		{C62CF6ED-3348-481B-8DA3-587B4BC81701}.Debug|Any CPU.ActiveCfg = Debug|Any CPU
		{C62CF6ED-3348-481B-8DA3-587B4BC81701}.Debug|Any CPU.Build.0 = Debug|Any CPU
		{C62CF6ED-3348-481B-8DA3-587B4BC81701}.Release|Any CPU.ActiveCfg = Release|Any CPU
		{C62CF6ED-3348-481B-8DA3-587B4BC81701}.Release|Any CPU.Build.0 = Release|Any CPU
	EndGlobalSection
	GlobalSection(SolutionProperties) = preSolution
		HideSolutionNode = FALSE
	EndGlobalSection
	GlobalSection(ExtensibilityGlobals) = postSolution
		SolutionGuid = {07A956D8-1196-4699-B76D-DF8F03B708A1}
	EndGlobalSection
EndGlobal
